
Microsoft Visual Studio Solution File, Format Version 12.00
# Visual Studio Version 17
VisualStudioVersion = 17.11.35327.3
MinimumVisualStudioVersion = 10.0.40219.1
Project("{FAE04EC0-301F-11D3-BF4B-00C04F79EFBC}") = "Project", "Project\Project.csproj", "{9ACA7677-6078-42B7-AEF5-BCCF88B1C288}"
EndProject
Project("{FAE04EC0-301F-11D3-BF4B-00C04F79EFBC}") = "Project.Test", "Project_Test\Project.Test.csproj", "{703FA079-89B8-44F0-AE0E-E7AD46A690ED}"
EndProject
Global
	GlobalSection(SolutionConfigurationPlatforms) = preSolution
		Debug|Any CPU = Debug|Any CPU
		Release|Any CPU = Release|Any CPU
	EndGlobalSection
	GlobalSection(ProjectConfigurationPlatforms) = postSolution
		{9ACA7677-6078-42B7-AEF5-BCCF88B1C288}.Debug|Any CPU.ActiveCfg = Debug|Any CPU
		{9ACA7677-6078-42B7-AEF5-BCCF88B1C288}.Debug|Any CPU.Build.0 = Debug|Any CPU
		{9ACA7677-6078-42B7-AEF5-BCCF88B1C288}.Release|Any CPU.ActiveCfg = Release|Any CPU
		{9ACA7677-6078-42B7-AEF5-BCCF88B1C288}.Release|Any CPU.Build.0 = Release|Any CPU
		{703FA079-89B8-44F0-AE0E-E7AD46A690ED}.Debug|Any CPU.ActiveCfg = Debug|Any CPU
		{703FA079-89B8-44F0-AE0E-E7AD46A690ED}.Debug|Any CPU.Build.0 = Debug|Any CPU
		{703FA079-89B8-44F0-AE0E-E7AD46A690ED}.Release|Any CPU.ActiveCfg = Release|Any CPU
		{703FA079-89B8-44F0-AE0E-E7AD46A690ED}.Release|Any CPU.Build.0 = Release|Any CPU
	EndGlobalSection
	GlobalSection(SolutionProperties) = preSolution
		HideSolutionNode = FALSE
	EndGlobalSection
	GlobalSection(ExtensibilityGlobals) = postSolution
		SolutionGuid = {1146038D-611F-443A-8745-42DF5F82BA1E}
	EndGlobalSection
EndGlobal
